
Microsoft Visual Studio Solution File, Format Version 12.00
# Visual Studio 2013
VisualStudioVersion = 12.0.40629.0
MinimumVisualStudioVersion = 10.0.40219.1
Project("{FAE04EC0-301F-11D3-BF4B-00C04F79EFBC}") = "ChangeDetector", "ChangeDetector\ChangeDetector.csproj", "{97CA9992-62FA-4227-97D6-300F3AFC9E53}"
EndProject
Project("{FAE04EC0-301F-11D3-BF4B-00C04F79EFBC}") = "ChangeDetectorControlLibrary", "ChangeDetectorControlLibrary\ChangeDetectorControlLibrary.csproj", "{C7AEF94C-8BDA-4D47-8220-889F7816C0CE}"
EndProject
Global
	GlobalSection(SolutionConfigurationPlatforms) = preSolution
		Debug|Any CPU = Debug|Any CPU
		Release|Any CPU = Release|Any CPU
	EndGlobalSection
	GlobalSection(ProjectConfigurationPlatforms) = postSolution
		{97CA9992-62FA-4227-97D6-300F3AFC9E53}.Debug|Any CPU.ActiveCfg = Debug|Any CPU
		{97CA9992-62FA-4227-97D6-300F3AFC9E53}.Debug|Any CPU.Build.0 = Debug|Any CPU
		{97CA9992-62FA-4227-97D6-300F3AFC9E53}.Release|Any CPU.ActiveCfg = Release|Any CPU
		{97CA9992-62FA-4227-97D6-300F3AFC9E53}.Release|Any CPU.Build.0 = Release|Any CPU
		{C7AEF94C-8BDA-4D47-8220-889F7816C0CE}.Debug|Any CPU.ActiveCfg = Debug|Any CPU
		{C7AEF94C-8BDA-4D47-8220-889F7816C0CE}.Debug|Any CPU.Build.0 = Debug|Any CPU
		{C7AEF94C-8BDA-4D47-8220-889F7816C0CE}.Release|Any CPU.ActiveCfg = Release|Any CPU
		{C7AEF94C-8BDA-4D47-8220-889F7816C0CE}.Release|Any CPU.Build.0 = Release|Any CPU
	EndGlobalSection
	GlobalSection(SolutionProperties) = preSolution
		HideSolutionNode = FALSE
	EndGlobalSection
EndGlobal
